
Microsoft Visual Studio Solution File, Format Version 12.00
# Visual Studio 15
Project("{FAE04EC0-301F-11D3-BF4B-00C04F79EFBC}") = "PriceSetting.Android", "PriceSetting.Android\PriceSetting.Android.csproj", "{24CE3C36-16B9-426D-AA0C-5961ECF8D88C}"
EndProject
Project("{FAE04EC0-301F-11D3-BF4B-00C04F79EFBC}") = "PriceSetting.iOS", "PriceSetting.iOS\PriceSetting.iOS.csproj", "{043A60EC-5F6A-4D49-BA54-5B7E1BBC0A4C}"
EndProject
Project("{FAE04EC0-301F-11D3-BF4B-00C04F79EFBC}") = "PriceSetting", "PriceSetting\PriceSetting.csproj", "{1CCE791A-B78C-44EF-BFFE-B6E42FCD1B56}"
EndProject
Global
	GlobalSection(SolutionConfigurationPlatforms) = preSolution
		Debug|Any CPU = Debug|Any CPU
		Release|Any CPU = Release|Any CPU
		Debug|iPhoneSimulator = Debug|iPhoneSimulator
		Release|iPhoneSimulator = Release|iPhoneSimulator
		Debug|iPhone = Debug|iPhone
		Release|iPhone = Release|iPhone
	EndGlobalSection
	GlobalSection(ProjectConfigurationPlatforms) = postSolution
		{24CE3C36-16B9-426D-AA0C-5961ECF8D88C}.Debug|Any CPU.ActiveCfg = Debug|Any CPU
		{24CE3C36-16B9-426D-AA0C-5961ECF8D88C}.Debug|Any CPU.Build.0 = Debug|Any CPU
		{24CE3C36-16B9-426D-AA0C-5961ECF8D88C}.Release|Any CPU.ActiveCfg = Release|Any CPU
		{24CE3C36-16B9-426D-AA0C-5961ECF8D88C}.Release|Any CPU.Build.0 = Release|Any CPU
		{24CE3C36-16B9-426D-AA0C-5961ECF8D88C}.Debug|iPhoneSimulator.ActiveCfg = Debug|Any CPU
		{24CE3C36-16B9-426D-AA0C-5961ECF8D88C}.Debug|iPhoneSimulator.Build.0 = Debug|Any CPU
		{24CE3C36-16B9-426D-AA0C-5961ECF8D88C}.Release|iPhoneSimulator.ActiveCfg = Release|Any CPU
		{24CE3C36-16B9-426D-AA0C-5961ECF8D88C}.Release|iPhoneSimulator.Build.0 = Release|Any CPU
		{24CE3C36-16B9-426D-AA0C-5961ECF8D88C}.Debug|iPhone.ActiveCfg = Debug|Any CPU
		{24CE3C36-16B9-426D-AA0C-5961ECF8D88C}.Debug|iPhone.Build.0 = Debug|Any CPU
		{24CE3C36-16B9-426D-AA0C-5961ECF8D88C}.Release|iPhone.ActiveCfg = Release|Any CPU
		{24CE3C36-16B9-426D-AA0C-5961ECF8D88C}.Release|iPhone.Build.0 = Release|Any CPU
		{043A60EC-5F6A-4D49-BA54-5B7E1BBC0A4C}.Debug|Any CPU.ActiveCfg = Debug|iPhoneSimulator
		{043A60EC-5F6A-4D49-BA54-5B7E1BBC0A4C}.Debug|Any CPU.Build.0 = Debug|iPhoneSimulator
		{043A60EC-5F6A-4D49-BA54-5B7E1BBC0A4C}.Release|Any CPU.ActiveCfg = Release|iPhoneSimulator
		{043A60EC-5F6A-4D49-BA54-5B7E1BBC0A4C}.Release|Any CPU.Build.0 = Release|iPhoneSimulator
		{043A60EC-5F6A-4D49-BA54-5B7E1BBC0A4C}.Debug|iPhoneSimulator.ActiveCfg = Debug|iPhoneSimulator
		{043A60EC-5F6A-4D49-BA54-5B7E1BBC0A4C}.Debug|iPhoneSimulator.Build.0 = Debug|iPhoneSimulator
		{043A60EC-5F6A-4D49-BA54-5B7E1BBC0A4C}.Release|iPhoneSimulator.ActiveCfg = Release|iPhoneSimulator
		{043A60EC-5F6A-4D49-BA54-5B7E1BBC0A4C}.Release|iPhoneSimulator.Build.0 = Release|iPhoneSimulator
		{043A60EC-5F6A-4D49-BA54-5B7E1BBC0A4C}.Debug|iPhone.ActiveCfg = Debug|iPhone
		{043A60EC-5F6A-4D49-BA54-5B7E1BBC0A4C}.Debug|iPhone.Build.0 = Debug|iPhone
		{043A60EC-5F6A-4D49-BA54-5B7E1BBC0A4C}.Release|iPhone.ActiveCfg = Release|iPhone
		{043A60EC-5F6A-4D49-BA54-5B7E1BBC0A4C}.Release|iPhone.Build.0 = Release|iPhone
		{1CCE791A-B78C-44EF-BFFE-B6E42FCD1B56}.Debug|Any CPU.ActiveCfg = Debug|Any CPU
		{1CCE791A-B78C-44EF-BFFE-B6E42FCD1B56}.Debug|Any CPU.Build.0 = Debug|Any CPU
		{1CCE791A-B78C-44EF-BFFE-B6E42FCD1B56}.Release|Any CPU.ActiveCfg = Release|Any CPU
		{1CCE791A-B78C-44EF-BFFE-B6E42FCD1B56}.Release|Any CPU.Build.0 = Release|Any CPU
		{1CCE791A-B78C-44EF-BFFE-B6E42FCD1B56}.Debug|iPhoneSimulator.ActiveCfg = Debug|Any CPU
		{1CCE791A-B78C-44EF-BFFE-B6E42FCD1B56}.Debug|iPhoneSimulator.Build.0 = Debug|Any CPU
		{1CCE791A-B78C-44EF-BFFE-B6E42FCD1B56}.Release|iPhoneSimulator.ActiveCfg = Release|Any CPU
		{1CCE791A-B78C-44EF-BFFE-B6E42FCD1B56}.Release|iPhoneSimulator.Build.0 = Release|Any CPU
		{1CCE791A-B78C-44EF-BFFE-B6E42FCD1B56}.Debug|iPhone.ActiveCfg = Debug|Any CPU
		{1CCE791A-B78C-44EF-BFFE-B6E42FCD1B56}.Debug|iPhone.Build.0 = Debug|Any CPU
		{1CCE791A-B78C-44EF-BFFE-B6E42FCD1B56}.Release|iPhone.ActiveCfg = Release|Any CPU
		{1CCE791A-B78C-44EF-BFFE-B6E42FCD1B56}.Release|iPhone.Build.0 = Release|Any CPU
	EndGlobalSection
EndGlobal
